
Microsoft Visual Studio Solution File, Format Version 12.00
# Visual Studio Version 17
VisualStudioVersion = 17.7.34018.315
MinimumVisualStudioVersion = 10.0.40219.1
Project("{9A19103F-16F7-4668-BE54-9A1E7A4F7556}") = "Formularios", "Formularios.csproj", "{B8D712BE-4EAA-4000-915F-B91BB374EFED}"
EndProject
Project("{9A19103F-16F7-4668-BE54-9A1E7A4F7556}") = "BibliotecaCLases", "..\BibliotecaCLases\BibliotecaCLases.csproj", "{45BB4953-70C7-4DB9-BE95-3F86704FDB02}"
EndProject
Global
	GlobalSection(SolutionConfigurationPlatforms) = preSolution
		Debug|Any CPU = Debug|Any CPU
		Release|Any CPU = Release|Any CPU
	EndGlobalSection
	GlobalSection(ProjectConfigurationPlatforms) = postSolution
		{B8D712BE-4EAA-4000-915F-B91BB374EFED}.Debug|Any CPU.ActiveCfg = Debug|Any CPU
		{B8D712BE-4EAA-4000-915F-B91BB374EFED}.Debug|Any CPU.Build.0 = Debug|Any CPU
		{B8D712BE-4EAA-4000-915F-B91BB374EFED}.Release|Any CPU.ActiveCfg = Release|Any CPU
		{B8D712BE-4EAA-4000-915F-B91BB374EFED}.Release|Any CPU.Build.0 = Release|Any CPU
		{45BB4953-70C7-4DB9-BE95-3F86704FDB02}.Debug|Any CPU.ActiveCfg = Debug|Any CPU
		{45BB4953-70C7-4DB9-BE95-3F86704FDB02}.Debug|Any CPU.Build.0 = Debug|Any CPU
		{45BB4953-70C7-4DB9-BE95-3F86704FDB02}.Release|Any CPU.ActiveCfg = Release|Any CPU
		{45BB4953-70C7-4DB9-BE95-3F86704FDB02}.Release|Any CPU.Build.0 = Release|Any CPU
	EndGlobalSection
	GlobalSection(SolutionProperties) = preSolution
		HideSolutionNode = FALSE
	EndGlobalSection
	GlobalSection(ExtensibilityGlobals) = postSolution
		SolutionGuid = {40003340-01B6-4426-8719-2EA8682E2BFF}
	EndGlobalSection
EndGlobal
